
Microsoft Visual Studio Solution File, Format Version 12.00
# Visual Studio 15
Project("{FAE04EC0-301F-11D3-BF4B-00C04F79EFBC}") = "Assembly-CSharp", "Assembly-CSharp.csproj", "{B21DD516-409A-4405-BF78-F5A2D7336E72}"
EndProject
Project("{FAE04EC0-301F-11D3-BF4B-00C04F79EFBC}") = "Assembly-CSharp-firstpass", "Assembly-CSharp-firstpass.csproj", "{E7615094-F0DA-A058-1AB0-B13914010AA6}"
EndProject
Project("{FAE04EC0-301F-11D3-BF4B-00C04F79EFBC}") = "Assembly-CSharp-Editor-firstpass", "Assembly-CSharp-Editor-firstpass.csproj", "{2B5203A6-0B40-63DF-AF8C-1C9528B8CAC1}"
EndProject
Global
	GlobalSection(SolutionConfigurationPlatforms) = preSolution
		Debug|Any CPU = Debug|Any CPU
		Release|Any CPU = Release|Any CPU
	EndGlobalSection
	GlobalSection(ProjectConfigurationPlatforms) = postSolution
		{B21DD516-409A-4405-BF78-F5A2D7336E72}.Debug|Any CPU.ActiveCfg = Debug|Any CPU
		{B21DD516-409A-4405-BF78-F5A2D7336E72}.Debug|Any CPU.Build.0 = Debug|Any CPU
		{B21DD516-409A-4405-BF78-F5A2D7336E72}.Release|Any CPU.ActiveCfg = Release|Any CPU
		{B21DD516-409A-4405-BF78-F5A2D7336E72}.Release|Any CPU.Build.0 = Release|Any CPU
		{E7615094-F0DA-A058-1AB0-B13914010AA6}.Debug|Any CPU.ActiveCfg = Debug|Any CPU
		{E7615094-F0DA-A058-1AB0-B13914010AA6}.Debug|Any CPU.Build.0 = Debug|Any CPU
		{E7615094-F0DA-A058-1AB0-B13914010AA6}.Release|Any CPU.ActiveCfg = Release|Any CPU
		{E7615094-F0DA-A058-1AB0-B13914010AA6}.Release|Any CPU.Build.0 = Release|Any CPU
		{2B5203A6-0B40-63DF-AF8C-1C9528B8CAC1}.Debug|Any CPU.ActiveCfg = Debug|Any CPU
		{2B5203A6-0B40-63DF-AF8C-1C9528B8CAC1}.Debug|Any CPU.Build.0 = Debug|Any CPU
		{2B5203A6-0B40-63DF-AF8C-1C9528B8CAC1}.Release|Any CPU.ActiveCfg = Release|Any CPU
		{2B5203A6-0B40-63DF-AF8C-1C9528B8CAC1}.Release|Any CPU.Build.0 = Release|Any CPU
	EndGlobalSection
	GlobalSection(SolutionProperties) = preSolution
		HideSolutionNode = FALSE
	EndGlobalSection
EndGlobal
